// !$*UTF8*$!
{
	archiveVersion = 1;
	classes = {
	};
	objectVersion = 56;
	objects = {

/* Begin PBXBuildFile section */
		D12B91BC2AFE4DB7006451FE /* RegexType.swift in Sources */ = {isa = PBXBuildFile; fileRef = D12B91BB2AFE4DB7006451FE /* RegexType.swift */; };
		D12B91BE2AFE5A4E006451FE /* FeedViewController.swift in Sources */ = {isa = PBXBuildFile; fileRef = D12B91BD2AFE5A4E006451FE /* FeedViewController.swift */; };
		D12B91C12AFE5DCE006451FE /* JoinViewModel.swift in Sources */ = {isa = PBXBuildFile; fileRef = D12B91C02AFE5DCE006451FE /* JoinViewModel.swift */; };
		D1674CCD2B0546F9000697C2 /* String+.swift in Sources */ = {isa = PBXBuildFile; fileRef = D1674CCC2B0546F9000697C2 /* String+.swift */; };
		D1674CD72B060887000697C2 /* MoyaLSLPNetwork.swift in Sources */ = {isa = PBXBuildFile; fileRef = D1674CD62B060887000697C2 /* MoyaLSLPNetwork.swift */; };
		D1674CDC2B063FD2000697C2 /* LoginModel.swift in Sources */ = {isa = PBXBuildFile; fileRef = D1674CDB2B063FD2000697C2 /* LoginModel.swift */; };
		D1674CE42B064551000697C2 /* APIKey+URL.swift in Sources */ = {isa = PBXBuildFile; fileRef = D1674CE32B064551000697C2 /* APIKey+URL.swift */; };
		D1674CE62B064842000697C2 /* MoyaAPIManager.swift in Sources */ = {isa = PBXBuildFile; fileRef = D1674CE52B064842000697C2 /* MoyaAPIManager.swift */; };
		D1674CEF2B078C9D000697C2 /* LoginResponse.swift in Sources */ = {isa = PBXBuildFile; fileRef = D1674CEE2B078C9D000697C2 /* LoginResponse.swift */; };
		D1674CF22B078D7A000697C2 /* LSLPError.swift in Sources */ = {isa = PBXBuildFile; fileRef = D1674CF12B078D7A000697C2 /* LSLPError.swift */; };
		D1674CF42B08A29C000697C2 /* JoinType.swift in Sources */ = {isa = PBXBuildFile; fileRef = D1674CF32B08A29C000697C2 /* JoinType.swift */; };
		D1674CF72B08A3DA000697C2 /* ChangwonDangam.otf in Resources */ = {isa = PBXBuildFile; fileRef = D1674CF62B08A3DA000697C2 /* ChangwonDangam.otf */; };
		D1674CFC2B08A4AF000697C2 /* Pretendard-Medium.otf in Resources */ = {isa = PBXBuildFile; fileRef = D1674CF82B08A4AF000697C2 /* Pretendard-Medium.otf */; };
		D1674CFD2B08A4AF000697C2 /* Pretendard-Regular.otf in Resources */ = {isa = PBXBuildFile; fileRef = D1674CF92B08A4AF000697C2 /* Pretendard-Regular.otf */; };
		D1674CFE2B08A4AF000697C2 /* Pretendard-Light.otf in Resources */ = {isa = PBXBuildFile; fileRef = D1674CFA2B08A4AF000697C2 /* Pretendard-Light.otf */; };
		D1674CFF2B08A4AF000697C2 /* Pretendard-SemiBold.otf in Resources */ = {isa = PBXBuildFile; fileRef = D1674CFB2B08A4AF000697C2 /* Pretendard-SemiBold.otf */; };
		D1674D012B08A4C5000697C2 /* Pretendard-Bold.otf in Resources */ = {isa = PBXBuildFile; fileRef = D1674D002B08A4C5000697C2 /* Pretendard-Bold.otf */; };
		D1674D482B0B7479000697C2 /* UserInfo.swift in Sources */ = {isa = PBXBuildFile; fileRef = D1674D472B0B7478000697C2 /* UserInfo.swift */; };
		D1674D4A2B0B7957000697C2 /* LoginViewModel.swift in Sources */ = {isa = PBXBuildFile; fileRef = D1674D492B0B7957000697C2 /* LoginViewModel.swift */; };
		D1674D4C2B0B7978000697C2 /* ViewModelProtocol.swift in Sources */ = {isa = PBXBuildFile; fileRef = D1674D4B2B0B7978000697C2 /* ViewModelProtocol.swift */; };
		D185310D2B13619300EACDAA /* RxCocoa in Frameworks */ = {isa = PBXBuildFile; productRef = D185310C2B13619300EACDAA /* RxCocoa */; };
		D185310F2B13619300EACDAA /* RxSwift in Frameworks */ = {isa = PBXBuildFile; productRef = D185310E2B13619300EACDAA /* RxSwift */; };
		D18531222B14F09E00EACDAA /* WelcomeViewController.swift in Sources */ = {isa = PBXBuildFile; fileRef = D18531212B14F09E00EACDAA /* WelcomeViewController.swift */; };
		D18531272B14FF5200EACDAA /* WelcomeViewModel.swift in Sources */ = {isa = PBXBuildFile; fileRef = D18531262B14FF5200EACDAA /* WelcomeViewModel.swift */; };
		D1B2C5CC2B15C8BF0065B51F /* Design.swift in Sources */ = {isa = PBXBuildFile; fileRef = D1B2C5CB2B15C8BF0065B51F /* Design.swift */; };
		D1B2C5CF2B15EF8F0065B51F /* Lottie in Frameworks */ = {isa = PBXBuildFile; productRef = D1B2C5CE2B15EF8F0065B51F /* Lottie */; };
		D1B2C5D12B15FACA0065B51F /* congratulations.json in Resources */ = {isa = PBXBuildFile; fileRef = D1B2C5D02B15FACA0065B51F /* congratulations.json */; };
		D1CC234D2AFCEB1000684175 /* AppDelegate.swift in Sources */ = {isa = PBXBuildFile; fileRef = D1CC234C2AFCEB1000684175 /* AppDelegate.swift */; };
		D1CC234F2AFCEB1000684175 /* SceneDelegate.swift in Sources */ = {isa = PBXBuildFile; fileRef = D1CC234E2AFCEB1000684175 /* SceneDelegate.swift */; };
		D1CC23512AFCEB1000684175 /* LoginViewController.swift in Sources */ = {isa = PBXBuildFile; fileRef = D1CC23502AFCEB1000684175 /* LoginViewController.swift */; };
		D1CC23562AFCEB1200684175 /* Assets.xcassets in Resources */ = {isa = PBXBuildFile; fileRef = D1CC23552AFCEB1200684175 /* Assets.xcassets */; };
		D1CC23592AFCEB1200684175 /* LaunchScreen.storyboard in Resources */ = {isa = PBXBuildFile; fileRef = D1CC23572AFCEB1200684175 /* LaunchScreen.storyboard */; };
		D1CC23612AFCEB6C00684175 /* IntroViewController.swift in Sources */ = {isa = PBXBuildFile; fileRef = D1CC23602AFCEB6C00684175 /* IntroViewController.swift */; };
		D1CC23632AFCEB8100684175 /* BaseViewController.swift in Sources */ = {isa = PBXBuildFile; fileRef = D1CC23622AFCEB8100684175 /* BaseViewController.swift */; };
		D1CC236C2AFCEE4200684175 /* SnapKit in Frameworks */ = {isa = PBXBuildFile; productRef = D1CC236B2AFCEE4200684175 /* SnapKit */; };
		D1CC236F2AFCEE6000684175 /* Moya in Frameworks */ = {isa = PBXBuildFile; productRef = D1CC236E2AFCEE6000684175 /* Moya */; };
		D1CC23712AFCEE6000684175 /* RxMoya in Frameworks */ = {isa = PBXBuildFile; productRef = D1CC23702AFCEE6000684175 /* RxMoya */; };
		D1CC23732AFCF93700684175 /* UILabel+.swift in Sources */ = {isa = PBXBuildFile; fileRef = D1CC23722AFCF93700684175 /* UILabel+.swift */; };
		D1CC23752AFCFE5600684175 /* JoinViewController.swift in Sources */ = {isa = PBXBuildFile; fileRef = D1CC23742AFCFE5600684175 /* JoinViewController.swift */; };
		D1CC23792AFCFF8E00684175 /* UserDefaultHelper.swift in Sources */ = {isa = PBXBuildFile; fileRef = D1CC23782AFCFF8E00684175 /* UserDefaultHelper.swift */; };
		D1D332192B175A7F00852274 /* FeedTableViewCell.swift in Sources */ = {isa = PBXBuildFile; fileRef = D1D332182B175A7F00852274 /* FeedTableViewCell.swift */; };
		D1D3321B2B175A9E00852274 /* BaseCollectionViewCell.swift in Sources */ = {isa = PBXBuildFile; fileRef = D1D3321A2B175A9E00852274 /* BaseCollectionViewCell.swift */; };
		D1D3321D2B17863D00852274 /* AuthInterceptor.swift in Sources */ = {isa = PBXBuildFile; fileRef = D1D3321C2B17863D00852274 /* AuthInterceptor.swift */; };
		D1D3328B2B189BB500852274 /* chab.otf in Resources */ = {isa = PBXBuildFile; fileRef = D1D3328A2B189BB500852274 /* chab.otf */; };
		D1D3328D2B18ACE200852274 /* TransitionProtocol.swift in Sources */ = {isa = PBXBuildFile; fileRef = D1D3328C2B18ACE200852274 /* TransitionProtocol.swift */; };
		D1D332B02B19A3F300852274 /* SettingOutlet.swift in Sources */ = {isa = PBXBuildFile; fileRef = D1D332AF2B19A3F300852274 /* SettingOutlet.swift */; };
		D1D332CD2B1C6A9000852274 /* PostModel.swift in Sources */ = {isa = PBXBuildFile; fileRef = D1D332CC2B1C6A9000852274 /* PostModel.swift */; };
		D1D332CF2B1C725200852274 /* PostResponse.swift in Sources */ = {isa = PBXBuildFile; fileRef = D1D332CE2B1C725200852274 /* PostResponse.swift */; };
		D1D332D12B1C963A00852274 /* BaseTableViewCell.swift in Sources */ = {isa = PBXBuildFile; fileRef = D1D332D02B1C963A00852274 /* BaseTableViewCell.swift */; };
		D1D332D32B1C9C7500852274 /* IdentifierProtocol.swift in Sources */ = {isa = PBXBuildFile; fileRef = D1D332D22B1C9C7500852274 /* IdentifierProtocol.swift */; };
		D1D332F42B1CA87700852274 /* StackView+.swift in Sources */ = {isa = PBXBuildFile; fileRef = D1D332F32B1CA87700852274 /* StackView+.swift */; };
		D1D332F62B1CA99600852274 /* PhotoCollectionViewCell.swift in Sources */ = {isa = PBXBuildFile; fileRef = D1D332F52B1CA99600852274 /* PhotoCollectionViewCell.swift */; };
		D1D332F92B1E3BB600852274 /* SideMenu in Frameworks */ = {isa = PBXBuildFile; productRef = D1D332F82B1E3BB600852274 /* SideMenu */; };
		D1D332FC2B1E3BFE00852274 /* SettingViewController.swift in Sources */ = {isa = PBXBuildFile; fileRef = D1D332FB2B1E3BFE00852274 /* SettingViewController.swift */; };
		D1D333002B1EDEA200852274 /* SearchViewController.swift in Sources */ = {isa = PBXBuildFile; fileRef = D1D332FF2B1EDEA200852274 /* SearchViewController.swift */; };
		D1D333032B1F323E00852274 /* AddPostViewController.swift in Sources */ = {isa = PBXBuildFile; fileRef = D1D333022B1F323E00852274 /* AddPostViewController.swift */; };
		D1D333052B1F3F8B00852274 /* FeedViewModel.swift in Sources */ = {isa = PBXBuildFile; fileRef = D1D333042B1F3F8B00852274 /* FeedViewModel.swift */; };
/* End PBXBuildFile section */

/* Begin PBXFileReference section */
		D12B91BB2AFE4DB7006451FE /* RegexType.swift */ = {isa = PBXFileReference; lastKnownFileType = sourcecode.swift; path = RegexType.swift; sourceTree = "<group>"; };
		D12B91BD2AFE5A4E006451FE /* FeedViewController.swift */ = {isa = PBXFileReference; lastKnownFileType = sourcecode.swift; path = FeedViewController.swift; sourceTree = "<group>"; };
		D12B91C02AFE5DCE006451FE /* JoinViewModel.swift */ = {isa = PBXFileReference; lastKnownFileType = sourcecode.swift; path = JoinViewModel.swift; sourceTree = "<group>"; };
		D1674CCC2B0546F9000697C2 /* String+.swift */ = {isa = PBXFileReference; lastKnownFileType = sourcecode.swift; path = "String+.swift"; sourceTree = "<group>"; };
		D1674CD62B060887000697C2 /* MoyaLSLPNetwork.swift */ = {isa = PBXFileReference; lastKnownFileType = sourcecode.swift; path = MoyaLSLPNetwork.swift; sourceTree = "<group>"; };
		D1674CDB2B063FD2000697C2 /* LoginModel.swift */ = {isa = PBXFileReference; lastKnownFileType = sourcecode.swift; path = LoginModel.swift; sourceTree = "<group>"; };
		D1674CE32B064551000697C2 /* APIKey+URL.swift */ = {isa = PBXFileReference; lastKnownFileType = sourcecode.swift; path = "APIKey+URL.swift"; sourceTree = "<group>"; };
		D1674CE52B064842000697C2 /* MoyaAPIManager.swift */ = {isa = PBXFileReference; lastKnownFileType = sourcecode.swift; path = MoyaAPIManager.swift; sourceTree = "<group>"; };
		D1674CEE2B078C9D000697C2 /* LoginResponse.swift */ = {isa = PBXFileReference; lastKnownFileType = sourcecode.swift; path = LoginResponse.swift; sourceTree = "<group>"; };
		D1674CF12B078D7A000697C2 /* LSLPError.swift */ = {isa = PBXFileReference; lastKnownFileType = sourcecode.swift; path = LSLPError.swift; sourceTree = "<group>"; };
		D1674CF32B08A29C000697C2 /* JoinType.swift */ = {isa = PBXFileReference; lastKnownFileType = sourcecode.swift; path = JoinType.swift; sourceTree = "<group>"; };
		D1674CF62B08A3DA000697C2 /* ChangwonDangam.otf */ = {isa = PBXFileReference; lastKnownFileType = file; path = ChangwonDangam.otf; sourceTree = "<group>"; };
		D1674CF82B08A4AF000697C2 /* Pretendard-Medium.otf */ = {isa = PBXFileReference; lastKnownFileType = file; path = "Pretendard-Medium.otf"; sourceTree = "<group>"; };
		D1674CF92B08A4AF000697C2 /* Pretendard-Regular.otf */ = {isa = PBXFileReference; lastKnownFileType = file; path = "Pretendard-Regular.otf"; sourceTree = "<group>"; };
		D1674CFA2B08A4AF000697C2 /* Pretendard-Light.otf */ = {isa = PBXFileReference; lastKnownFileType = file; path = "Pretendard-Light.otf"; sourceTree = "<group>"; };
		D1674CFB2B08A4AF000697C2 /* Pretendard-SemiBold.otf */ = {isa = PBXFileReference; lastKnownFileType = file; path = "Pretendard-SemiBold.otf"; sourceTree = "<group>"; };
		D1674D002B08A4C5000697C2 /* Pretendard-Bold.otf */ = {isa = PBXFileReference; lastKnownFileType = file; path = "Pretendard-Bold.otf"; sourceTree = "<group>"; };
		D1674D472B0B7478000697C2 /* UserInfo.swift */ = {isa = PBXFileReference; lastKnownFileType = sourcecode.swift; path = UserInfo.swift; sourceTree = "<group>"; };
		D1674D492B0B7957000697C2 /* LoginViewModel.swift */ = {isa = PBXFileReference; lastKnownFileType = sourcecode.swift; path = LoginViewModel.swift; sourceTree = "<group>"; };
		D1674D4B2B0B7978000697C2 /* ViewModelProtocol.swift */ = {isa = PBXFileReference; lastKnownFileType = sourcecode.swift; path = ViewModelProtocol.swift; sourceTree = "<group>"; };
		D18531212B14F09E00EACDAA /* WelcomeViewController.swift */ = {isa = PBXFileReference; lastKnownFileType = sourcecode.swift; path = WelcomeViewController.swift; sourceTree = "<group>"; };
		D18531262B14FF5200EACDAA /* WelcomeViewModel.swift */ = {isa = PBXFileReference; lastKnownFileType = sourcecode.swift; path = WelcomeViewModel.swift; sourceTree = "<group>"; };
		D1B2C5CB2B15C8BF0065B51F /* Design.swift */ = {isa = PBXFileReference; lastKnownFileType = sourcecode.swift; path = Design.swift; sourceTree = "<group>"; };
		D1B2C5D02B15FACA0065B51F /* congratulations.json */ = {isa = PBXFileReference; fileEncoding = 4; lastKnownFileType = text.json; path = congratulations.json; sourceTree = "<group>"; };
		D1CC23492AFCEB1000684175 /* Mobbie.app */ = {isa = PBXFileReference; explicitFileType = wrapper.application; includeInIndex = 0; path = Mobbie.app; sourceTree = BUILT_PRODUCTS_DIR; };
		D1CC234C2AFCEB1000684175 /* AppDelegate.swift */ = {isa = PBXFileReference; lastKnownFileType = sourcecode.swift; path = AppDelegate.swift; sourceTree = "<group>"; };
		D1CC234E2AFCEB1000684175 /* SceneDelegate.swift */ = {isa = PBXFileReference; lastKnownFileType = sourcecode.swift; path = SceneDelegate.swift; sourceTree = "<group>"; };
		D1CC23502AFCEB1000684175 /* LoginViewController.swift */ = {isa = PBXFileReference; lastKnownFileType = sourcecode.swift; path = LoginViewController.swift; sourceTree = "<group>"; };
		D1CC23552AFCEB1200684175 /* Assets.xcassets */ = {isa = PBXFileReference; lastKnownFileType = folder.assetcatalog; path = Assets.xcassets; sourceTree = "<group>"; };
		D1CC23582AFCEB1200684175 /* Base */ = {isa = PBXFileReference; lastKnownFileType = file.storyboard; name = Base; path = Base.lproj/LaunchScreen.storyboard; sourceTree = "<group>"; };
		D1CC235A2AFCEB1200684175 /* Info.plist */ = {isa = PBXFileReference; lastKnownFileType = text.plist.xml; path = Info.plist; sourceTree = "<group>"; };
		D1CC23602AFCEB6C00684175 /* IntroViewController.swift */ = {isa = PBXFileReference; lastKnownFileType = sourcecode.swift; path = IntroViewController.swift; sourceTree = "<group>"; };
		D1CC23622AFCEB8100684175 /* BaseViewController.swift */ = {isa = PBXFileReference; lastKnownFileType = sourcecode.swift; path = BaseViewController.swift; sourceTree = "<group>"; };
		D1CC23722AFCF93700684175 /* UILabel+.swift */ = {isa = PBXFileReference; lastKnownFileType = sourcecode.swift; path = "UILabel+.swift"; sourceTree = "<group>"; };
		D1CC23742AFCFE5600684175 /* JoinViewController.swift */ = {isa = PBXFileReference; lastKnownFileType = sourcecode.swift; path = JoinViewController.swift; sourceTree = "<group>"; };
		D1CC23782AFCFF8E00684175 /* UserDefaultHelper.swift */ = {isa = PBXFileReference; lastKnownFileType = sourcecode.swift; path = UserDefaultHelper.swift; sourceTree = "<group>"; };
		D1D332182B175A7F00852274 /* FeedTableViewCell.swift */ = {isa = PBXFileReference; lastKnownFileType = sourcecode.swift; path = FeedTableViewCell.swift; sourceTree = "<group>"; };
		D1D3321A2B175A9E00852274 /* BaseCollectionViewCell.swift */ = {isa = PBXFileReference; lastKnownFileType = sourcecode.swift; path = BaseCollectionViewCell.swift; sourceTree = "<group>"; };
		D1D3321C2B17863D00852274 /* AuthInterceptor.swift */ = {isa = PBXFileReference; lastKnownFileType = sourcecode.swift; path = AuthInterceptor.swift; sourceTree = "<group>"; };
		D1D3328A2B189BB500852274 /* chab.otf */ = {isa = PBXFileReference; lastKnownFileType = file; path = chab.otf; sourceTree = "<group>"; };
		D1D3328C2B18ACE200852274 /* TransitionProtocol.swift */ = {isa = PBXFileReference; lastKnownFileType = sourcecode.swift; path = TransitionProtocol.swift; sourceTree = "<group>"; };
		D1D332AF2B19A3F300852274 /* SettingOutlet.swift */ = {isa = PBXFileReference; lastKnownFileType = sourcecode.swift; path = SettingOutlet.swift; sourceTree = "<group>"; };
		D1D332CC2B1C6A9000852274 /* PostModel.swift */ = {isa = PBXFileReference; lastKnownFileType = sourcecode.swift; path = PostModel.swift; sourceTree = "<group>"; };
		D1D332CE2B1C725200852274 /* PostResponse.swift */ = {isa = PBXFileReference; lastKnownFileType = sourcecode.swift; path = PostResponse.swift; sourceTree = "<group>"; };
		D1D332D02B1C963A00852274 /* BaseTableViewCell.swift */ = {isa = PBXFileReference; lastKnownFileType = sourcecode.swift; path = BaseTableViewCell.swift; sourceTree = "<group>"; };
		D1D332D22B1C9C7500852274 /* IdentifierProtocol.swift */ = {isa = PBXFileReference; lastKnownFileType = sourcecode.swift; path = IdentifierProtocol.swift; sourceTree = "<group>"; };
		D1D332F32B1CA87700852274 /* StackView+.swift */ = {isa = PBXFileReference; lastKnownFileType = sourcecode.swift; path = "StackView+.swift"; sourceTree = "<group>"; };
		D1D332F52B1CA99600852274 /* PhotoCollectionViewCell.swift */ = {isa = PBXFileReference; lastKnownFileType = sourcecode.swift; path = PhotoCollectionViewCell.swift; sourceTree = "<group>"; };
		D1D332FB2B1E3BFE00852274 /* SettingViewController.swift */ = {isa = PBXFileReference; lastKnownFileType = sourcecode.swift; path = SettingViewController.swift; sourceTree = "<group>"; };
		D1D332FF2B1EDEA200852274 /* SearchViewController.swift */ = {isa = PBXFileReference; lastKnownFileType = sourcecode.swift; path = SearchViewController.swift; sourceTree = "<group>"; };
		D1D333022B1F323E00852274 /* AddPostViewController.swift */ = {isa = PBXFileReference; lastKnownFileType = sourcecode.swift; path = AddPostViewController.swift; sourceTree = "<group>"; };
		D1D333042B1F3F8B00852274 /* FeedViewModel.swift */ = {isa = PBXFileReference; lastKnownFileType = sourcecode.swift; path = FeedViewModel.swift; sourceTree = "<group>"; };
/* End PBXFileReference section */

/* Begin PBXFrameworksBuildPhase section */
		D1CC23462AFCEB1000684175 /* Frameworks */ = {
			isa = PBXFrameworksBuildPhase;
			buildActionMask = 2147483647;
			files = (
				D1CC23712AFCEE6000684175 /* RxMoya in Frameworks */,
				D1CC236C2AFCEE4200684175 /* SnapKit in Frameworks */,
				D185310F2B13619300EACDAA /* RxSwift in Frameworks */,
				D185310D2B13619300EACDAA /* RxCocoa in Frameworks */,
				D1D332F92B1E3BB600852274 /* SideMenu in Frameworks */,
				D1CC236F2AFCEE6000684175 /* Moya in Frameworks */,
				D1B2C5CF2B15EF8F0065B51F /* Lottie in Frameworks */,
			);
			runOnlyForDeploymentPostprocessing = 0;
		};
/* End PBXFrameworksBuildPhase section */

/* Begin PBXGroup section */
		D12B91BF2AFE5A55006451FE /* Feed */ = {
			isa = PBXGroup;
			children = (
				D12B91BD2AFE5A4E006451FE /* FeedViewController.swift */,
				D1D333042B1F3F8B00852274 /* FeedViewModel.swift */,
				D1D332182B175A7F00852274 /* FeedTableViewCell.swift */,
				D1D332F52B1CA99600852274 /* PhotoCollectionViewCell.swift */,
			);
			path = Feed;
			sourceTree = "<group>";
		};
		D1674CD52B06084E000697C2 /* Network */ = {
			isa = PBXGroup;
			children = (
				D1D332AE2B19993000852274 /* Error */,
				D1674CF02B078D6D000697C2 /* Model */,
				D18530D92B110AB600EACDAA /* Moya */,
				D1674CE32B064551000697C2 /* APIKey+URL.swift */,
			);
			path = Network;
			sourceTree = "<group>";
		};
		D1674CF02B078D6D000697C2 /* Model */ = {
			isa = PBXGroup;
			children = (
				D1D332CA2B1C6A4C00852274 /* Encodable */,
				D1D332CB2B1C6A5500852274 /* Decodable */,
			);
			path = Model;
			sourceTree = "<group>";
		};
		D1674CF52B08A377000697C2 /* Resource */ = {
			isa = PBXGroup;
			children = (
				D1B2C5CB2B15C8BF0065B51F /* Design.swift */,
				D1D3328A2B189BB500852274 /* chab.otf */,
				D1674CFA2B08A4AF000697C2 /* Pretendard-Light.otf */,
				D1674CF92B08A4AF000697C2 /* Pretendard-Regular.otf */,
				D1674CF82B08A4AF000697C2 /* Pretendard-Medium.otf */,
				D1674CFB2B08A4AF000697C2 /* Pretendard-SemiBold.otf */,
				D1674D002B08A4C5000697C2 /* Pretendard-Bold.otf */,
				D1674CF62B08A3DA000697C2 /* ChangwonDangam.otf */,
				D1B2C5D02B15FACA0065B51F /* congratulations.json */,
				D1CC23552AFCEB1200684175 /* Assets.xcassets */,
			);
			path = Resource;
			sourceTree = "<group>";
		};
		D18530D92B110AB600EACDAA /* Moya */ = {
			isa = PBXGroup;
			children = (
				D1674CE52B064842000697C2 /* MoyaAPIManager.swift */,
				D1674CD62B060887000697C2 /* MoyaLSLPNetwork.swift */,
				D1D3321C2B17863D00852274 /* AuthInterceptor.swift */,
			);
			path = Moya;
			sourceTree = "<group>";
		};
		D18531232B14F4E100EACDAA /* Join */ = {
			isa = PBXGroup;
			children = (
				D1CC23742AFCFE5600684175 /* JoinViewController.swift */,
				D12B91C02AFE5DCE006451FE /* JoinViewModel.swift */,
				D1674CF32B08A29C000697C2 /* JoinType.swift */,
			);
			path = Join;
			sourceTree = "<group>";
		};
		D18531242B14F4E600EACDAA /* Intro */ = {
			isa = PBXGroup;
			children = (
				D1CC23602AFCEB6C00684175 /* IntroViewController.swift */,
			);
			path = Intro;
			sourceTree = "<group>";
		};
		D18531252B14F4EC00EACDAA /* Welcome */ = {
			isa = PBXGroup;
			children = (
				D18531212B14F09E00EACDAA /* WelcomeViewController.swift */,
				D18531262B14FF5200EACDAA /* WelcomeViewModel.swift */,
			);
			path = Welcome;
			sourceTree = "<group>";
		};
		D1CC23402AFCEB1000684175 = {
			isa = PBXGroup;
			children = (
				D1CC234B2AFCEB1000684175 /* Mobbie */,
				D1CC234A2AFCEB1000684175 /* Products */,
			);
			sourceTree = "<group>";
		};
		D1CC234A2AFCEB1000684175 /* Products */ = {
			isa = PBXGroup;
			children = (
				D1CC23492AFCEB1000684175 /* Mobbie.app */,
			);
			name = Products;
			sourceTree = "<group>";
		};
		D1CC234B2AFCEB1000684175 /* Mobbie */ = {
			isa = PBXGroup;
			children = (
				D1CC234C2AFCEB1000684175 /* AppDelegate.swift */,
				D1CC234E2AFCEB1000684175 /* SceneDelegate.swift */,
				D1CC23642AFCEB8500684175 /* Base */,
				D1CC23762AFCFF3700684175 /* Onboarding */,
				D1CC23772AFCFF4A00684175 /* Login */,
				D1D332FA2B1E3BF000852274 /* Setting */,
				D12B91BF2AFE5A55006451FE /* Feed */,
				D1D333012B1F322B00852274 /* AddPost */,
				D1D332FE2B1EDE9200852274 /* Search */,
				D1CC237A2AFCFF9500684175 /* Data */,
				D1674CD52B06084E000697C2 /* Network */,
				D1674CF52B08A377000697C2 /* Resource */,
				D1CC23572AFCEB1200684175 /* LaunchScreen.storyboard */,
				D1CC235A2AFCEB1200684175 /* Info.plist */,
			);
			path = Mobbie;
			sourceTree = "<group>";
		};
		D1CC23642AFCEB8500684175 /* Base */ = {
			isa = PBXGroup;
			children = (
				D1CC23622AFCEB8100684175 /* BaseViewController.swift */,
				D1D332D02B1C963A00852274 /* BaseTableViewCell.swift */,
				D1D3321A2B175A9E00852274 /* BaseCollectionViewCell.swift */,
				D1D332D52B1C9C9000852274 /* Protocol */,
				D1D332AF2B19A3F300852274 /* SettingOutlet.swift */,
			);
			path = Base;
			sourceTree = "<group>";
		};
		D1CC23762AFCFF3700684175 /* Onboarding */ = {
			isa = PBXGroup;
			children = (
				D18531242B14F4E600EACDAA /* Intro */,
				D18531232B14F4E100EACDAA /* Join */,
				D18531252B14F4EC00EACDAA /* Welcome */,
			);
			path = Onboarding;
			sourceTree = "<group>";
		};
		D1CC23772AFCFF4A00684175 /* Login */ = {
			isa = PBXGroup;
			children = (
				D1CC23502AFCEB1000684175 /* LoginViewController.swift */,
				D1674D492B0B7957000697C2 /* LoginViewModel.swift */,
			);
			path = Login;
			sourceTree = "<group>";
		};
		D1CC237A2AFCFF9500684175 /* Data */ = {
			isa = PBXGroup;
			children = (
				D1674D472B0B7478000697C2 /* UserInfo.swift */,
				D12B91BB2AFE4DB7006451FE /* RegexType.swift */,
				D1CC23782AFCFF8E00684175 /* UserDefaultHelper.swift */,
				D1CC237D2AFCFFAB00684175 /* Extension */,
			);
			path = Data;
			sourceTree = "<group>";
		};
		D1CC237D2AFCFFAB00684175 /* Extension */ = {
			isa = PBXGroup;
			children = (
				D1CC23722AFCF93700684175 /* UILabel+.swift */,
				D1674CCC2B0546F9000697C2 /* String+.swift */,
				D1D332F32B1CA87700852274 /* StackView+.swift */,
			);
			path = Extension;
			sourceTree = "<group>";
		};
		D1D332AE2B19993000852274 /* Error */ = {
			isa = PBXGroup;
			children = (
				D1674CF12B078D7A000697C2 /* LSLPError.swift */,
			);
			path = Error;
			sourceTree = "<group>";
		};
		D1D332CA2B1C6A4C00852274 /* Encodable */ = {
			isa = PBXGroup;
			children = (
				D1674CDB2B063FD2000697C2 /* LoginModel.swift */,
				D1D332CC2B1C6A9000852274 /* PostModel.swift */,
			);
			path = Encodable;
			sourceTree = "<group>";
		};
		D1D332CB2B1C6A5500852274 /* Decodable */ = {
			isa = PBXGroup;
			children = (
				D1674CEE2B078C9D000697C2 /* LoginResponse.swift */,
				D1D332CE2B1C725200852274 /* PostResponse.swift */,
			);
			name = Decodable;
			sourceTree = "<group>";
		};
		D1D332D52B1C9C9000852274 /* Protocol */ = {
			isa = PBXGroup;
			children = (
				D1674D4B2B0B7978000697C2 /* ViewModelProtocol.swift */,
				D1D3328C2B18ACE200852274 /* TransitionProtocol.swift */,
				D1D332D22B1C9C7500852274 /* IdentifierProtocol.swift */,
			);
			path = Protocol;
			sourceTree = "<group>";
		};
		D1D332FA2B1E3BF000852274 /* Setting */ = {
			isa = PBXGroup;
			children = (
				D1D332FB2B1E3BFE00852274 /* SettingViewController.swift */,
			);
			path = Setting;
			sourceTree = "<group>";
		};
		D1D332FE2B1EDE9200852274 /* Search */ = {
			isa = PBXGroup;
			children = (
				D1D332FF2B1EDEA200852274 /* SearchViewController.swift */,
			);
			path = Search;
			sourceTree = "<group>";
		};
		D1D333012B1F322B00852274 /* AddPost */ = {
			isa = PBXGroup;
			children = (
				D1D333022B1F323E00852274 /* AddPostViewController.swift */,
			);
			path = AddPost;
			sourceTree = "<group>";
		};
/* End PBXGroup section */

/* Begin PBXNativeTarget section */
		D1CC23482AFCEB1000684175 /* Mobbie */ = {
			isa = PBXNativeTarget;
			buildConfigurationList = D1CC235D2AFCEB1200684175 /* Build configuration list for PBXNativeTarget "Mobbie" */;
			buildPhases = (
				D1CC23452AFCEB1000684175 /* Sources */,
				D1CC23462AFCEB1000684175 /* Frameworks */,
				D1CC23472AFCEB1000684175 /* Resources */,
			);
			buildRules = (
			);
			dependencies = (
			);
			name = Mobbie;
			packageProductDependencies = (
				D1CC236B2AFCEE4200684175 /* SnapKit */,
				D1CC236E2AFCEE6000684175 /* Moya */,
				D1CC23702AFCEE6000684175 /* RxMoya */,
				D185310C2B13619300EACDAA /* RxCocoa */,
				D185310E2B13619300EACDAA /* RxSwift */,
				D1B2C5CE2B15EF8F0065B51F /* Lottie */,
				D1D332F82B1E3BB600852274 /* SideMenu */,
			);
			productName = SACdyBuddy;
			productReference = D1CC23492AFCEB1000684175 /* Mobbie.app */;
			productType = "com.apple.product-type.application";
		};
/* End PBXNativeTarget section */

/* Begin PBXProject section */
		D1CC23412AFCEB1000684175 /* Project object */ = {
			isa = PBXProject;
			attributes = {
				BuildIndependentTargetsInParallel = 1;
				LastSwiftUpdateCheck = 1500;
				LastUpgradeCheck = 1500;
				TargetAttributes = {
					D1CC23482AFCEB1000684175 = {
						CreatedOnToolsVersion = 15.0.1;
					};
				};
			};
			buildConfigurationList = D1CC23442AFCEB1000684175 /* Build configuration list for PBXProject "Mobbie" */;
			compatibilityVersion = "Xcode 14.0";
			developmentRegion = en;
			hasScannedForEncodings = 0;
			knownRegions = (
				en,
				Base,
			);
			mainGroup = D1CC23402AFCEB1000684175;
			packageReferences = (
				D1CC236A2AFCEE4200684175 /* XCRemoteSwiftPackageReference "SnapKit" */,
				D1CC236D2AFCEE6000684175 /* XCRemoteSwiftPackageReference "Moya" */,
				D185310B2B13619300EACDAA /* XCRemoteSwiftPackageReference "RxSwift" */,
				D1B2C5CD2B15EF8F0065B51F /* XCRemoteSwiftPackageReference "lottie-ios" */,
				D1D332F72B1E3BB600852274 /* XCRemoteSwiftPackageReference "SideMenu" */,
			);
			productRefGroup = D1CC234A2AFCEB1000684175 /* Products */;
			projectDirPath = "";
			projectRoot = "";
			targets = (
				D1CC23482AFCEB1000684175 /* Mobbie */,
			);
		};
/* End PBXProject section */

/* Begin PBXResourcesBuildPhase section */
		D1CC23472AFCEB1000684175 /* Resources */ = {
			isa = PBXResourcesBuildPhase;
			buildActionMask = 2147483647;
			files = (
				D1674CF72B08A3DA000697C2 /* ChangwonDangam.otf in Resources */,
				D1674D012B08A4C5000697C2 /* Pretendard-Bold.otf in Resources */,
				D1CC23592AFCEB1200684175 /* LaunchScreen.storyboard in Resources */,
				D1674CFF2B08A4AF000697C2 /* Pretendard-SemiBold.otf in Resources */,
				D1674CFD2B08A4AF000697C2 /* Pretendard-Regular.otf in Resources */,
				D1D3328B2B189BB500852274 /* chab.otf in Resources */,
				D1B2C5D12B15FACA0065B51F /* congratulations.json in Resources */,
				D1CC23562AFCEB1200684175 /* Assets.xcassets in Resources */,
				D1674CFC2B08A4AF000697C2 /* Pretendard-Medium.otf in Resources */,
				D1674CFE2B08A4AF000697C2 /* Pretendard-Light.otf in Resources */,
			);
			runOnlyForDeploymentPostprocessing = 0;
		};
/* End PBXResourcesBuildPhase section */

/* Begin PBXSourcesBuildPhase section */
		D1CC23452AFCEB1000684175 /* Sources */ = {
			isa = PBXSourcesBuildPhase;
			buildActionMask = 2147483647;
			files = (
				D1D3321D2B17863D00852274 /* AuthInterceptor.swift in Sources */,
				D1674CE62B064842000697C2 /* MoyaAPIManager.swift in Sources */,
				D1D332CF2B1C725200852274 /* PostResponse.swift in Sources */,
				D1D332CD2B1C6A9000852274 /* PostModel.swift in Sources */,
				D1D333032B1F323E00852274 /* AddPostViewController.swift in Sources */,
				D1D333002B1EDEA200852274 /* SearchViewController.swift in Sources */,
				D1D332D32B1C9C7500852274 /* IdentifierProtocol.swift in Sources */,
				D1D332F62B1CA99600852274 /* PhotoCollectionViewCell.swift in Sources */,
				D1CC23632AFCEB8100684175 /* BaseViewController.swift in Sources */,
				D12B91BC2AFE4DB7006451FE /* RegexType.swift in Sources */,
				D1CC23512AFCEB1000684175 /* LoginViewController.swift in Sources */,
				D1674CEF2B078C9D000697C2 /* LoginResponse.swift in Sources */,
				D1D332192B175A7F00852274 /* FeedTableViewCell.swift in Sources */,
				D18531222B14F09E00EACDAA /* WelcomeViewController.swift in Sources */,
				D1674CE42B064551000697C2 /* APIKey+URL.swift in Sources */,
				D1D332F42B1CA87700852274 /* StackView+.swift in Sources */,
				D1CC234D2AFCEB1000684175 /* AppDelegate.swift in Sources */,
				D1B2C5CC2B15C8BF0065B51F /* Design.swift in Sources */,
				D1674CD72B060887000697C2 /* MoyaLSLPNetwork.swift in Sources */,
				D1D332FC2B1E3BFE00852274 /* SettingViewController.swift in Sources */,
				D1CC234F2AFCEB1000684175 /* SceneDelegate.swift in Sources */,
				D1D332B02B19A3F300852274 /* SettingOutlet.swift in Sources */,
				D1D332D12B1C963A00852274 /* BaseTableViewCell.swift in Sources */,
				D1674CDC2B063FD2000697C2 /* LoginModel.swift in Sources */,
				D12B91BE2AFE5A4E006451FE /* FeedViewController.swift in Sources */,
				D1674D482B0B7479000697C2 /* UserInfo.swift in Sources */,
				D1CC23732AFCF93700684175 /* UILabel+.swift in Sources */,
				D18531272B14FF5200EACDAA /* WelcomeViewModel.swift in Sources */,
				D1CC23612AFCEB6C00684175 /* IntroViewController.swift in Sources */,
				D1674D4C2B0B7978000697C2 /* ViewModelProtocol.swift in Sources */,
				D1D333052B1F3F8B00852274 /* FeedViewModel.swift in Sources */,
				D12B91C12AFE5DCE006451FE /* JoinViewModel.swift in Sources */,
				D1D3321B2B175A9E00852274 /* BaseCollectionViewCell.swift in Sources */,
				D1674CF42B08A29C000697C2 /* JoinType.swift in Sources */,
				D1D3328D2B18ACE200852274 /* TransitionProtocol.swift in Sources */,
				D1CC23792AFCFF8E00684175 /* UserDefaultHelper.swift in Sources */,
				D1674CCD2B0546F9000697C2 /* String+.swift in Sources */,
				D1674CF22B078D7A000697C2 /* LSLPError.swift in Sources */,
				D1CC23752AFCFE5600684175 /* JoinViewController.swift in Sources */,
				D1674D4A2B0B7957000697C2 /* LoginViewModel.swift in Sources */,
			);
			runOnlyForDeploymentPostprocessing = 0;
		};
/* End PBXSourcesBuildPhase section */

/* Begin PBXVariantGroup section */
		D1CC23572AFCEB1200684175 /* LaunchScreen.storyboard */ = {
			isa = PBXVariantGroup;
			children = (
				D1CC23582AFCEB1200684175 /* Base */,
			);
			name = LaunchScreen.storyboard;
			sourceTree = "<group>";
		};
/* End PBXVariantGroup section */

/* Begin XCBuildConfiguration section */
		D1CC235B2AFCEB1200684175 /* Debug */ = {
			isa = XCBuildConfiguration;
			buildSettings = {
				ALWAYS_SEARCH_USER_PATHS = NO;
				ASSETCATALOG_COMPILER_GENERATE_SWIFT_ASSET_SYMBOL_EXTENSIONS = YES;
				CLANG_ANALYZER_NONNULL = YES;
				CLANG_ANALYZER_NUMBER_OBJECT_CONVERSION = YES_AGGRESSIVE;
				CLANG_CXX_LANGUAGE_STANDARD = "gnu++20";
				CLANG_ENABLE_MODULES = YES;
				CLANG_ENABLE_OBJC_ARC = YES;
				CLANG_ENABLE_OBJC_WEAK = YES;
				CLANG_WARN_BLOCK_CAPTURE_AUTORELEASING = YES;
				CLANG_WARN_BOOL_CONVERSION = YES;
				CLANG_WARN_COMMA = YES;
				CLANG_WARN_CONSTANT_CONVERSION = YES;
				CLANG_WARN_DEPRECATED_OBJC_IMPLEMENTATIONS = YES;
				CLANG_WARN_DIRECT_OBJC_ISA_USAGE = YES_ERROR;
				CLANG_WARN_DOCUMENTATION_COMMENTS = YES;
				CLANG_WARN_EMPTY_BODY = YES;
				CLANG_WARN_ENUM_CONVERSION = YES;
				CLANG_WARN_INFINITE_RECURSION = YES;
				CLANG_WARN_INT_CONVERSION = YES;
				CLANG_WARN_NON_LITERAL_NULL_CONVERSION = YES;
				CLANG_WARN_OBJC_IMPLICIT_RETAIN_SELF = YES;
				CLANG_WARN_OBJC_LITERAL_CONVERSION = YES;
				CLANG_WARN_OBJC_ROOT_CLASS = YES_ERROR;
				CLANG_WARN_QUOTED_INCLUDE_IN_FRAMEWORK_HEADER = YES;
				CLANG_WARN_RANGE_LOOP_ANALYSIS = YES;
				CLANG_WARN_STRICT_PROTOTYPES = YES;
				CLANG_WARN_SUSPICIOUS_MOVE = YES;
				CLANG_WARN_UNGUARDED_AVAILABILITY = YES_AGGRESSIVE;
				CLANG_WARN_UNREACHABLE_CODE = YES;
				CLANG_WARN__DUPLICATE_METHOD_MATCH = YES;
				COPY_PHASE_STRIP = NO;
				DEBUG_INFORMATION_FORMAT = dwarf;
				ENABLE_STRICT_OBJC_MSGSEND = YES;
				ENABLE_TESTABILITY = YES;
				ENABLE_USER_SCRIPT_SANDBOXING = YES;
				GCC_C_LANGUAGE_STANDARD = gnu17;
				GCC_DYNAMIC_NO_PIC = NO;
				GCC_NO_COMMON_BLOCKS = YES;
				GCC_OPTIMIZATION_LEVEL = 0;
				GCC_PREPROCESSOR_DEFINITIONS = (
					"DEBUG=1",
					"$(inherited)",
				);
				GCC_WARN_64_TO_32_BIT_CONVERSION = YES;
				GCC_WARN_ABOUT_RETURN_TYPE = YES_ERROR;
				GCC_WARN_UNDECLARED_SELECTOR = YES;
				GCC_WARN_UNINITIALIZED_AUTOS = YES_AGGRESSIVE;
				GCC_WARN_UNUSED_FUNCTION = YES;
				GCC_WARN_UNUSED_VARIABLE = YES;
				IPHONEOS_DEPLOYMENT_TARGET = 17.0;
				LOCALIZATION_PREFERS_STRING_CATALOGS = YES;
				MTL_ENABLE_DEBUG_INFO = INCLUDE_SOURCE;
				MTL_FAST_MATH = YES;
				ONLY_ACTIVE_ARCH = YES;
				SDKROOT = iphoneos;
				SWIFT_ACTIVE_COMPILATION_CONDITIONS = "DEBUG $(inherited)";
				SWIFT_OPTIMIZATION_LEVEL = "-Onone";
			};
			name = Debug;
		};
		D1CC235C2AFCEB1200684175 /* Release */ = {
			isa = XCBuildConfiguration;
			buildSettings = {
				ALWAYS_SEARCH_USER_PATHS = NO;
				ASSETCATALOG_COMPILER_GENERATE_SWIFT_ASSET_SYMBOL_EXTENSIONS = YES;
				CLANG_ANALYZER_NONNULL = YES;
				CLANG_ANALYZER_NUMBER_OBJECT_CONVERSION = YES_AGGRESSIVE;
				CLANG_CXX_LANGUAGE_STANDARD = "gnu++20";
				CLANG_ENABLE_MODULES = YES;
				CLANG_ENABLE_OBJC_ARC = YES;
				CLANG_ENABLE_OBJC_WEAK = YES;
				CLANG_WARN_BLOCK_CAPTURE_AUTORELEASING = YES;
				CLANG_WARN_BOOL_CONVERSION = YES;
				CLANG_WARN_COMMA = YES;
				CLANG_WARN_CONSTANT_CONVERSION = YES;
				CLANG_WARN_DEPRECATED_OBJC_IMPLEMENTATIONS = YES;
				CLANG_WARN_DIRECT_OBJC_ISA_USAGE = YES_ERROR;
				CLANG_WARN_DOCUMENTATION_COMMENTS = YES;
				CLANG_WARN_EMPTY_BODY = YES;
				CLANG_WARN_ENUM_CONVERSION = YES;
				CLANG_WARN_INFINITE_RECURSION = YES;
				CLANG_WARN_INT_CONVERSION = YES;
				CLANG_WARN_NON_LITERAL_NULL_CONVERSION = YES;
				CLANG_WARN_OBJC_IMPLICIT_RETAIN_SELF = YES;
				CLANG_WARN_OBJC_LITERAL_CONVERSION = YES;
				CLANG_WARN_OBJC_ROOT_CLASS = YES_ERROR;
				CLANG_WARN_QUOTED_INCLUDE_IN_FRAMEWORK_HEADER = YES;
				CLANG_WARN_RANGE_LOOP_ANALYSIS = YES;
				CLANG_WARN_STRICT_PROTOTYPES = YES;
				CLANG_WARN_SUSPICIOUS_MOVE = YES;
				CLANG_WARN_UNGUARDED_AVAILABILITY = YES_AGGRESSIVE;
				CLANG_WARN_UNREACHABLE_CODE = YES;
				CLANG_WARN__DUPLICATE_METHOD_MATCH = YES;
				COPY_PHASE_STRIP = NO;
				DEBUG_INFORMATION_FORMAT = "dwarf-with-dsym";
				ENABLE_NS_ASSERTIONS = NO;
				ENABLE_STRICT_OBJC_MSGSEND = YES;
				ENABLE_USER_SCRIPT_SANDBOXING = YES;
				GCC_C_LANGUAGE_STANDARD = gnu17;
				GCC_NO_COMMON_BLOCKS = YES;
				GCC_WARN_64_TO_32_BIT_CONVERSION = YES;
				GCC_WARN_ABOUT_RETURN_TYPE = YES_ERROR;
				GCC_WARN_UNDECLARED_SELECTOR = YES;
				GCC_WARN_UNINITIALIZED_AUTOS = YES_AGGRESSIVE;
				GCC_WARN_UNUSED_FUNCTION = YES;
				GCC_WARN_UNUSED_VARIABLE = YES;
				IPHONEOS_DEPLOYMENT_TARGET = 17.0;
				LOCALIZATION_PREFERS_STRING_CATALOGS = YES;
				MTL_ENABLE_DEBUG_INFO = NO;
				MTL_FAST_MATH = YES;
				SDKROOT = iphoneos;
				SWIFT_COMPILATION_MODE = wholemodule;
				VALIDATE_PRODUCT = YES;
			};
			name = Release;
		};
		D1CC235E2AFCEB1200684175 /* Debug */ = {
			isa = XCBuildConfiguration;
			buildSettings = {
				ASSETCATALOG_COMPILER_APPICON_NAME = AppIcon;
				ASSETCATALOG_COMPILER_GLOBAL_ACCENT_COLOR_NAME = AccentColor;
				CODE_SIGN_STYLE = Automatic;
				CURRENT_PROJECT_VERSION = 1;
				DEVELOPMENT_TEAM = X686YG6VXT;
				GENERATE_INFOPLIST_FILE = YES;
				INFOPLIST_FILE = Mobbie/Info.plist;
				INFOPLIST_KEY_UIApplicationSupportsIndirectInputEvents = YES;
				INFOPLIST_KEY_UILaunchStoryboardName = LaunchScreen;
				INFOPLIST_KEY_UISupportedInterfaceOrientations_iPad = "UIInterfaceOrientationPortrait UIInterfaceOrientationPortraitUpsideDown UIInterfaceOrientationLandscapeLeft UIInterfaceOrientationLandscapeRight";
				INFOPLIST_KEY_UISupportedInterfaceOrientations_iPhone = "UIInterfaceOrientationPortrait UIInterfaceOrientationLandscapeLeft UIInterfaceOrientationLandscapeRight";
				LD_RUNPATH_SEARCH_PATHS = (
					"$(inherited)",
					"@executable_path/Frameworks",
				);
				MARKETING_VERSION = 1.0;
				PRODUCT_BUNDLE_IDENTIFIER = com.yeoni.Mobbie;
				PRODUCT_NAME = "$(TARGET_NAME)";
				SWIFT_EMIT_LOC_STRINGS = YES;
				SWIFT_VERSION = 5.0;
				TARGETED_DEVICE_FAMILY = "1,2";
			};
			name = Debug;
		};
		D1CC235F2AFCEB1200684175 /* Release */ = {
			isa = XCBuildConfiguration;
			buildSettings = {
				ASSETCATALOG_COMPILER_APPICON_NAME = AppIcon;
				ASSETCATALOG_COMPILER_GLOBAL_ACCENT_COLOR_NAME = AccentColor;
				CODE_SIGN_STYLE = Automatic;
				CURRENT_PROJECT_VERSION = 1;
				DEVELOPMENT_TEAM = X686YG6VXT;
				GENERATE_INFOPLIST_FILE = YES;
				INFOPLIST_FILE = Mobbie/Info.plist;
				INFOPLIST_KEY_UIApplicationSupportsIndirectInputEvents = YES;
				INFOPLIST_KEY_UILaunchStoryboardName = LaunchScreen;
				INFOPLIST_KEY_UISupportedInterfaceOrientations_iPad = "UIInterfaceOrientationPortrait UIInterfaceOrientationPortraitUpsideDown UIInterfaceOrientationLandscapeLeft UIInterfaceOrientationLandscapeRight";
				INFOPLIST_KEY_UISupportedInterfaceOrientations_iPhone = "UIInterfaceOrientationPortrait UIInterfaceOrientationLandscapeLeft UIInterfaceOrientationLandscapeRight";
				LD_RUNPATH_SEARCH_PATHS = (
					"$(inherited)",
					"@executable_path/Frameworks",
				);
				MARKETING_VERSION = 1.0;
				PRODUCT_BUNDLE_IDENTIFIER = com.yeoni.Mobbie;
				PRODUCT_NAME = "$(TARGET_NAME)";
				SWIFT_EMIT_LOC_STRINGS = YES;
				SWIFT_VERSION = 5.0;
				TARGETED_DEVICE_FAMILY = "1,2";
			};
			name = Release;
		};
/* End XCBuildConfiguration section */

/* Begin XCConfigurationList section */
		D1CC23442AFCEB1000684175 /* Build configuration list for PBXProject "Mobbie" */ = {
			isa = XCConfigurationList;
			buildConfigurations = (
				D1CC235B2AFCEB1200684175 /* Debug */,
				D1CC235C2AFCEB1200684175 /* Release */,
			);
			defaultConfigurationIsVisible = 0;
			defaultConfigurationName = Release;
		};
		D1CC235D2AFCEB1200684175 /* Build configuration list for PBXNativeTarget "Mobbie" */ = {
			isa = XCConfigurationList;
			buildConfigurations = (
				D1CC235E2AFCEB1200684175 /* Debug */,
				D1CC235F2AFCEB1200684175 /* Release */,
			);
			defaultConfigurationIsVisible = 0;
			defaultConfigurationName = Release;
		};
/* End XCConfigurationList section */

/* Begin XCRemoteSwiftPackageReference section */
		D185310B2B13619300EACDAA /* XCRemoteSwiftPackageReference "RxSwift" */ = {
			isa = XCRemoteSwiftPackageReference;
			repositoryURL = "https://github.com/ReactiveX/RxSwift";
			requirement = {
				kind = upToNextMajorVersion;
				minimumVersion = 6.6.0;
			};
		};
		D1B2C5CD2B15EF8F0065B51F /* XCRemoteSwiftPackageReference "lottie-ios" */ = {
			isa = XCRemoteSwiftPackageReference;
			repositoryURL = "https://github.com/airbnb/lottie-ios.git";
			requirement = {
				kind = upToNextMajorVersion;
				minimumVersion = 4.3.3;
			};
		};
		D1CC236A2AFCEE4200684175 /* XCRemoteSwiftPackageReference "SnapKit" */ = {
			isa = XCRemoteSwiftPackageReference;
			repositoryURL = "https://github.com/SnapKit/SnapKit";
			requirement = {
				kind = upToNextMajorVersion;
				minimumVersion = 5.6.0;
			};
		};
		D1CC236D2AFCEE6000684175 /* XCRemoteSwiftPackageReference "Moya" */ = {
			isa = XCRemoteSwiftPackageReference;
			repositoryURL = "https://github.com/Moya/Moya.git";
			requirement = {
				kind = upToNextMajorVersion;
				minimumVersion = 15.0.3;
			};
		};
		D1D332F72B1E3BB600852274 /* XCRemoteSwiftPackageReference "SideMenu" */ = {
			isa = XCRemoteSwiftPackageReference;
			repositoryURL = "https://github.com/jonkykong/SideMenu.git";
			requirement = {
				kind = upToNextMajorVersion;
				minimumVersion = 6.5.0;
			};
		};
/* End XCRemoteSwiftPackageReference section */

/* Begin XCSwiftPackageProductDependency section */
		D185310C2B13619300EACDAA /* RxCocoa */ = {
			isa = XCSwiftPackageProductDependency;
			package = D185310B2B13619300EACDAA /* XCRemoteSwiftPackageReference "RxSwift" */;
			productName = RxCocoa;
		};
		D185310E2B13619300EACDAA /* RxSwift */ = {
			isa = XCSwiftPackageProductDependency;
			package = D185310B2B13619300EACDAA /* XCRemoteSwiftPackageReference "RxSwift" */;
			productName = RxSwift;
		};
		D1B2C5CE2B15EF8F0065B51F /* Lottie */ = {
			isa = XCSwiftPackageProductDependency;
			package = D1B2C5CD2B15EF8F0065B51F /* XCRemoteSwiftPackageReference "lottie-ios" */;
			productName = Lottie;
		};
		D1CC236B2AFCEE4200684175 /* SnapKit */ = {
			isa = XCSwiftPackageProductDependency;
			package = D1CC236A2AFCEE4200684175 /* XCRemoteSwiftPackageReference "SnapKit" */;
			productName = SnapKit;
		};
		D1CC236E2AFCEE6000684175 /* Moya */ = {
			isa = XCSwiftPackageProductDependency;
			package = D1CC236D2AFCEE6000684175 /* XCRemoteSwiftPackageReference "Moya" */;
			productName = Moya;
		};
		D1CC23702AFCEE6000684175 /* RxMoya */ = {
			isa = XCSwiftPackageProductDependency;
			package = D1CC236D2AFCEE6000684175 /* XCRemoteSwiftPackageReference "Moya" */;
			productName = RxMoya;
		};
		D1D332F82B1E3BB600852274 /* SideMenu */ = {
			isa = XCSwiftPackageProductDependency;
			package = D1D332F72B1E3BB600852274 /* XCRemoteSwiftPackageReference "SideMenu" */;
			productName = SideMenu;
		};
/* End XCSwiftPackageProductDependency section */
	};
	rootObject = D1CC23412AFCEB1000684175 /* Project object */;
}
